{
  "name": "thegiving",
  "version": "1.0.0",
  "lockfileVersion": 2,
  "requires": true,
  "packages": {
    "": {
      "name": "thegiving",
      "version": "1.0.0",
      "license": "ISC",
      "workspaces": {
        "packages": [
          "packages/*"
        ],
        "nohoist": [
          "**/@graphprotocol/graph-ts",
          "**/@graphprotocol/graph-ts/**",
          "**/hardhat",
          "**/hardhat/**",
          "**/hardh:at-ts",
          "**/hardhat-ts/**"
        ]
      }
    }
  }
}
